
Microsoft Visual Studio Solution File, Format Version 12.00
# Visual Studio Version 17
VisualStudioVersion = 17.9.34714.143
MinimumVisualStudioVersion = 10.0.40219.1
Project("{9A19103F-16F7-4668-BE54-9A1E7A4F7556}") = "Booking.Server", "Booking.Client\Booking.Server.csproj", "{9CCA5DAE-9B09-4038-BEA7-42BA2A69E4DA}"
EndProject
Global
	GlobalSection(SolutionConfigurationPlatforms) = preSolution
		Debug|Any CPU = Debug|Any CPU
		Release|Any CPU = Release|Any CPU
	EndGlobalSection
	GlobalSection(ProjectConfigurationPlatforms) = postSolution
		{9CCA5DAE-9B09-4038-BEA7-42BA2A69E4DA}.Debug|Any CPU.ActiveCfg = Debug|Any CPU
		{9CCA5DAE-9B09-4038-BEA7-42BA2A69E4DA}.Debug|Any CPU.Build.0 = Debug|Any CPU
		{9CCA5DAE-9B09-4038-BEA7-42BA2A69E4DA}.Release|Any CPU.ActiveCfg = Release|Any CPU
		{9CCA5DAE-9B09-4038-BEA7-42BA2A69E4DA}.Release|Any CPU.Build.0 = Release|Any CPU
	EndGlobalSection
	GlobalSection(SolutionProperties) = preSolution
		HideSolutionNode = FALSE
	EndGlobalSection
	GlobalSection(ExtensibilityGlobals) = postSolution
		SolutionGuid = {12F1F6D2-9061-4C55-97C3-4514C072D9FE}
	EndGlobalSection
EndGlobal
